PackratFormat: 1.4
PackratVersion: 0.5.0
RVersion: 3.4.4
Repos: CRAN=https://cloud.r-project.org

Package: BH
Source: CRAN
Version: 1.69.0-1
Hash: 15f597ed227897f4f793b6161260f4b9

Package: DBI
Source: CRAN
Version: 1.0.0
Hash: 6abedd7919c4457604c0aa44529a6683

Package: R6
Source: CRAN
Version: 2.3.0
Hash: 8eccabbf292b5aba632985cde6406fc3

Package: Rcpp
Source: CRAN
Version: 1.0.0
Hash: c7273c0f0bc9f5e41f4c52a8cf571f0f

Package: assertthat
Source: CRAN
Version: 0.2.0
Hash: e8805df54c65ac96d50235c44a82615c

Package: base64enc
Source: CRAN
Version: 0.1-3
Hash: c590d29e555926af053055e23ee79efb

Package: bindr
Source: CRAN
Version: 0.1.1
Hash: 76578c5f543a6ecbc1365d6445f9ebf7

Package: bindrcpp
Source: CRAN
Version: 0.2.2
Hash: 8ce499301f0dc5c7ff69f0b42e33f5c1
Requires: Rcpp, bindr, plogr

Package: bookdown
Source: CRAN
Version: 0.9
Hash: b7163e42ca0899d507052afb14840e96
Requires: htmltools, knitr, rmarkdown, tinytex, xfun, yaml

Package: classInt
Source: CRAN
Version: 0.3-1
Hash: 4bd35fbd3fd8471463d4dbd54672a933
Requires: e1071

Package: cli
Source: CRAN
Version: 1.0.1
Hash: a742a3229dbf7085c3a737af10e5065b
Requires: assertthat, crayon

Package: clipr
Source: CRAN
Version: 0.5.0
Hash: 9d588163f9234a17c6ad03d148db999d

Package: crayon
Source: CRAN
Version: 1.3.4
Hash: ff2840dd9b0d563fc80377a5a45510cd

Package: curl
Source: CRAN
Version: 3.3
Hash: b201f64e6e1469e8a3571c746ffa9059

Package: digest
Source: CRAN
Version: 0.6.18
Hash: 65f62365ec69ddd17230d2ffe891a6ab

Package: dplyr
Source: CRAN
Version: 0.7.8
Hash: c965954fb9a071cb0e5194528223aa72
Requires: BH, R6, Rcpp, assertthat, bindrcpp, glue, magrittr,
    pkgconfig, plogr, rlang, tibble, tidyselect

Package: e1071
Source: CRAN
Version: 1.7-0
Hash: 54c6b974d385e3c0961eb4cefc9ea0c5

Package: evaluate
Source: CRAN
Version: 0.12
Hash: c32505adba4f6eca5aa20dd32300b019

Package: fansi
Source: CRAN
Version: 0.4.0
Hash: f147621f72b561485bfffcae78c4f5d5

Package: glue
Source: CRAN
Version: 1.3.0
Hash: 1fbde6dec830370be696eee8ef31c9e4

Package: googledrive
Source: CRAN
Version: 0.1.2
Requires: curl, glue, httr, jsonlite, purrr, rlang, tibble, uuid

Package: highr
Source: CRAN
Version: 0.7
Hash: 20757f5c393ed0ecf96c9e8e6d8d514c

Package: hms
Source: CRAN
Version: 0.4.2
Hash: b4096a4f6a6736138e9a825c2baaacf0
Requires: pkgconfig, rlang

Package: htmltools
Source: CRAN
Version: 0.3.6
Hash: 9707abea0a9b7406e98fb1242e97e1f6
Requires: Rcpp, digest

Package: httr
Source: CRAN
Version: 1.4.0
Hash: 62d62d3ffcc9a34411b6e35a813f72dd
Requires: R6, curl, jsonlite, mime, openssl

Package: jsonlite
Source: CRAN
Version: 1.6
Hash: 5f969e213e966135393e3e304abf3f49

Package: knitr
Source: CRAN
Version: 1.21
Hash: 05d92a30fe7f149fef5e82428cbbe0d7
Requires: evaluate, highr, markdown, stringr, xfun, yaml

Package: lattice
Source: CRAN
Version: 0.20-38
Hash: 45211081d39bb6d5a89fd789105901aa

Package: magrittr
Source: CRAN
Version: 1.5
Hash: bdc4d48c3135e8f3b399536ddf160df4

Package: markdown
Source: CRAN
Version: 0.9
Hash: 730f688930cef3223d59bd8aef679ab9
Requires: mime

Package: mime
Source: CRAN
Version: 0.6
Hash: 2ed8f98b8284ad733f3907fc6e2f1334

Package: openssl
Source: CRAN
Version: 1.1
Hash: 82c893294829c4badc3d4133b66d1428

Package: packrat
Source: CRAN
Version: 0.5.0
Hash: 498643e765d1442ba7b1160a1df3abf9

Package: pander
Source: CRAN
Version: 0.6.3
Hash: f18548627db877c58d4b12eb7a285dc3
Requires: Rcpp, digest

Package: pillar
Source: CRAN
Version: 1.3.1
Hash: 9ed4c2a5d3047bfba3e852ad5e806d91
Requires: cli, crayon, fansi, rlang, utf8

Package: pkgconfig
Source: CRAN
Version: 2.0.2
Hash: b0fd6ed908e150b77e5f00c6478bd58c

Package: plogr
Source: CRAN
Version: 0.2.0
Hash: 81a8008a5e7858552503935f1abe48aa

Package: purrr
Source: CRAN
Version: 0.2.5
Hash: 8b0c16db10c7e20b70cd37779a673a8b
Requires: magrittr, rlang, tibble

Package: readr
Source: CRAN
Version: 1.3.1
Hash: 8e826fd33ba49b3fc327fd9e3b033713
Requires: BH, R6, Rcpp, clipr, crayon, hms, tibble

Package: rlang
Source: CRAN
Version: 0.3.1
Hash: 1176a91e0c23d4fc8f48bc5704a6f826

Package: rmarkdown
Source: CRAN
Version: 1.11
Hash: a30b0c41b60d981f41dc8c98f2136297
Requires: base64enc, evaluate, htmltools, jsonlite, knitr, mime,
    stringr, tinytex, yaml

Package: sf
Source: CRAN
Version: 0.7-2
Hash: 0040835300d452ec4a78d826c4563d6a
Requires: DBI, Rcpp, classInt, magrittr, units

Package: sp
Source: CRAN
Version: 1.3-1
Hash: 01decf1327caff54d7822434d07fa959
Requires: lattice

Package: stringi
Source: CRAN
Version: 1.2.4
Hash: 03ab60ef7fa4627b38ad67c95ce6b04c

Package: stringr
Source: CRAN
Version: 1.3.1
Hash: 9f417a1d899ed1f080942ab36998e8b5
Requires: glue, magrittr, stringi

Package: tibble
Source: CRAN
Version: 2.0.0
Hash: dd9c9442795b8b46425bf7ad5514bb0c
Requires: cli, crayon, fansi, pillar, pkgconfig, rlang

Package: tidyr
Source: CRAN
Version: 0.8.2
Hash: 9ff92b9b3c11dfcd94d179b75b85c668
Requires: Rcpp, dplyr, glue, magrittr, purrr, rlang, stringi, tibble,
    tidyselect

Package: tidyselect
Source: CRAN
Version: 0.2.5
Hash: fad1cf10c5c4996fca6ca68e0716d2e6
Requires: Rcpp, glue, purrr, rlang

Package: tinytex
Source: CRAN
Version: 0.10
Hash: 2a5a6acd93f9936d957880cb9aab7979
Requires: xfun

Package: units
Source: CRAN
Version: 0.6-2
Hash: 4f5eba8e3750df4f2e8b6236a1ace19d
Requires: Rcpp

Package: utf8
Source: CRAN
Version: 1.1.4
Hash: f3f97ce59092abc8ed3fd098a59e236c

Package: uuid
Source: CRAN
Version: 0.1-2
Hash: 69acbbcf4dcff3a258f94de540214001

Package: xfun
Source: CRAN
Version: 0.4
Hash: 76004125b45195c0330ec71904849995

Package: yaml
Source: CRAN
Version: 2.2.0
Hash: a5ad5616d83d89f8d84cbf3cf4034e13
